{
  "name": "js",
  "lockfileVersion": 3,
  "requires": true,
  "packages": {
    "": {
      "dependencies": {
        "@google/generative-ai": "^0.13.0"
      }
    },
    "node_modules/@google/generative-ai": {
      "version": "0.13.0",
      "resolved": "https://registry.npmjs.org/@google/generative-ai/-/generative-ai-0.13.0.tgz",
      "integrity": "sha512-F3rI52SbGS8bsFu4bWFfOPdtq91RsBzeVLsbJy/kt7zCuaBr28toR/8zS12zXjj6USIJd0rGeF2HsuPONUz+6w==",
      "engines": {
        "node": ">=18.0.0"
      }
    }
  }
}
